{
  "name": "clone",
  "version": "1.0.0",
  "lockfileVersion": 3,
  "requires": true,
  "packages": {
    "": {
      "name": "clone",
      "version": "1.0.0",
      "license": "ISC",
      "dependencies": {
        "@gragn/ajs": "^1.0.0"
      }
    },
    "node_modules/@gragn/ajs": {
      "version": "1.0.0",
      "resolved": "https://npm.pkg.github.com/download/@gragn/ajs/1.0.0/858b5e85fd929d92b8d3e38263c81cb4ce156b61",
      "integrity": "sha512-LlE5iECuvfBvROKv5jUdCtozVwJf/FIRDm9ps9pGp4CJmIDci+MrYDHr4/KyKraw2jomAM9U10kA7s+/SdvreQ==",
      "license": "ISC"
    }
  }
}
